# This file was autogenerated by Stack.
# You should not edit this file by hand.
# For more information, please see the documentation at:
#   https://docs.haskellstack.org/en/stable/lock_files

packages:
- completed:
    hackage: lens-tutorial-1.0.4@sha256:325b59b7658f035d11386589c57d603ee27573f191ed8380dc2a890102bfe143,1199
    pantry-tree:
      size: 279
      sha256: c04add7d791a173f23f32b25f6fe14151f23e2f8651c0e1a0bcfc6293df9a80c
  original:
    hackage: lens-tutorial-1.0.4@sha256:325b59b7658f035d11386589c57d603ee27573f191ed8380dc2a890102bfe143,1199
snapshots:
- completed:
    size: 525663
    url: https://raw.githubusercontent.com/commercialhaskell/stackage-snapshots/master/lts/14/14.yaml
    sha256: 6edc48df46eb8bf7b861e98dd30d021a92c2e1820c9bb6528aac5d997b0e14ef
  original: lts-14.14
